{
  "name": "@buyan14/agentfleet",
  "version": "0.2.25",
  "lockfileVersion": 3,
  "requires": true,
  "packages": {
    "": {
      "name": "@buyan14/agentfleet",
      "version": "0.2.25",
      "license": "MIT",
      "bin": {
        "agentfleet": "bin/agentfleet.js"
      },
      "engines": {
        "node": ">=18"
      }
    }
  }
}
